
Microsoft Visual Studio Solution File, Format Version 11.00
# Visual Studio 2010
Project("{FAE04EC0-301F-11D3-BF4B-00C04F79EFBC}") = "Backup.UI", "Backup\Backup.UI.csproj", "{462D7C8C-6A7B-436D-9362-DA007E14134E}"
EndProject
Project("{FAE04EC0-301F-11D3-BF4B-00C04F79EFBC}") = "Backup.Ftp", "Backup.FTP\Backup.Ftp.csproj", "{81E119C2-AFE1-4618-AC21-69735A71637E}"
EndProject
Project("{FAE04EC0-301F-11D3-BF4B-00C04F79EFBC}") = "Backup.Sql", "Backup.Sql\Backup.Sql.csproj", "{9AEE13D0-3AC5-4798-9DB0-93AD0CE41B95}"
EndProject
Project("{FAE04EC0-301F-11D3-BF4B-00C04F79EFBC}") = "Backup.FS", "Backup.FS\Backup.FS.csproj", "{F1B29C98-E39C-423D-A6D5-A4FFBFE0A2A7}"
EndProject
Project("{FAE04EC0-301F-11D3-BF4B-00C04F79EFBC}") = "Backup.Util", "Backup.Util\Backup.Util.csproj", "{531710F3-998C-4BEF-A407-BDE6A89A7D12}"
EndProject
Project("{FAE04EC0-301F-11D3-BF4B-00C04F79EFBC}") = "Backup.Tests", "Backup.Tests\Backup.Tests.csproj", "{BF7C310A-EFCE-4AF1-8AC0-311E47720DCC}"
EndProject
Project("{2150E333-8FDC-42A3-9474-1A3956D46DE8}") = "Solution Items", "Solution Items", "{F6DF8CFB-E29B-4BE9-AF1B-AA3E816A34B2}"
	ProjectSection(SolutionItems) = preProject
		Backup.vsmdi = Backup.vsmdi
		Local.testsettings = Local.testsettings
		TraceAndTestImpact.testsettings = TraceAndTestImpact.testsettings
	EndProjectSection
EndProject
Project("{FAE04EC0-301F-11D3-BF4B-00C04F79EFBC}") = "Backup.BO", "Backup.BO\Backup.BO.csproj", "{E6180888-151B-4E7F-8C97-0210BDD1052E}"
EndProject
Project("{FAE04EC0-301F-11D3-BF4B-00C04F79EFBC}") = "Backup.Service", "Backup.Service\Backup.Service.csproj", "{3960C28C-2998-429D-A3C5-EEEABA7BE1D8}"
EndProject
Project("{FAE04EC0-301F-11D3-BF4B-00C04F79EFBC}") = "Backup.Launcher", "Backup.Launcher\Backup.Launcher.csproj", "{9CCEEF29-6782-4384-9984-1BA3A79A7712}"
EndProject
Global
	GlobalSection(TestCaseManagementSettings) = postSolution
		CategoryFile = Backup.vsmdi
	EndGlobalSection
	GlobalSection(SolutionConfigurationPlatforms) = preSolution
		Debug|Any CPU = Debug|Any CPU
		Debug|Mixed Platforms = Debug|Mixed Platforms
		Debug|x86 = Debug|x86
		Release|Any CPU = Release|Any CPU
		Release|Mixed Platforms = Release|Mixed Platforms
		Release|x86 = Release|x86
	EndGlobalSection
	GlobalSection(ProjectConfigurationPlatforms) = postSolution
		{462D7C8C-6A7B-436D-9362-DA007E14134E}.Debug|Any CPU.ActiveCfg = Debug|Any CPU
		{462D7C8C-6A7B-436D-9362-DA007E14134E}.Debug|Any CPU.Build.0 = Debug|Any CPU
		{462D7C8C-6A7B-436D-9362-DA007E14134E}.Debug|Mixed Platforms.ActiveCfg = Debug|Any CPU
		{462D7C8C-6A7B-436D-9362-DA007E14134E}.Debug|Mixed Platforms.Build.0 = Debug|Any CPU
		{462D7C8C-6A7B-436D-9362-DA007E14134E}.Debug|x86.ActiveCfg = Debug|Any CPU
		{462D7C8C-6A7B-436D-9362-DA007E14134E}.Release|Any CPU.ActiveCfg = Release|Any CPU
		{462D7C8C-6A7B-436D-9362-DA007E14134E}.Release|Any CPU.Build.0 = Release|Any CPU
		{462D7C8C-6A7B-436D-9362-DA007E14134E}.Release|Mixed Platforms.ActiveCfg = Release|Any CPU
		{462D7C8C-6A7B-436D-9362-DA007E14134E}.Release|Mixed Platforms.Build.0 = Release|Any CPU
		{462D7C8C-6A7B-436D-9362-DA007E14134E}.Release|x86.ActiveCfg = Release|Any CPU
		{81E119C2-AFE1-4618-AC21-69735A71637E}.Debug|Any CPU.ActiveCfg = Debug|Any CPU
		{81E119C2-AFE1-4618-AC21-69735A71637E}.Debug|Any CPU.Build.0 = Debug|Any CPU
		{81E119C2-AFE1-4618-AC21-69735A71637E}.Debug|Mixed Platforms.ActiveCfg = Debug|Any CPU
		{81E119C2-AFE1-4618-AC21-69735A71637E}.Debug|Mixed Platforms.Build.0 = Debug|Any CPU
		{81E119C2-AFE1-4618-AC21-69735A71637E}.Debug|x86.ActiveCfg = Debug|Any CPU
		{81E119C2-AFE1-4618-AC21-69735A71637E}.Release|Any CPU.ActiveCfg = Release|Any CPU
		{81E119C2-AFE1-4618-AC21-69735A71637E}.Release|Any CPU.Build.0 = Release|Any CPU
		{81E119C2-AFE1-4618-AC21-69735A71637E}.Release|Mixed Platforms.ActiveCfg = Release|Any CPU
		{81E119C2-AFE1-4618-AC21-69735A71637E}.Release|Mixed Platforms.Build.0 = Release|Any CPU
		{81E119C2-AFE1-4618-AC21-69735A71637E}.Release|x86.ActiveCfg = Release|Any CPU
		{9AEE13D0-3AC5-4798-9DB0-93AD0CE41B95}.Debug|Any CPU.ActiveCfg = Debug|Any CPU
		{9AEE13D0-3AC5-4798-9DB0-93AD0CE41B95}.Debug|Any CPU.Build.0 = Debug|Any CPU
		{9AEE13D0-3AC5-4798-9DB0-93AD0CE41B95}.Debug|Mixed Platforms.ActiveCfg = Debug|Any CPU
		{9AEE13D0-3AC5-4798-9DB0-93AD0CE41B95}.Debug|Mixed Platforms.Build.0 = Debug|Any CPU
		{9AEE13D0-3AC5-4798-9DB0-93AD0CE41B95}.Debug|x86.ActiveCfg = Debug|Any CPU
		{9AEE13D0-3AC5-4798-9DB0-93AD0CE41B95}.Release|Any CPU.ActiveCfg = Release|Any CPU
		{9AEE13D0-3AC5-4798-9DB0-93AD0CE41B95}.Release|Any CPU.Build.0 = Release|Any CPU
		{9AEE13D0-3AC5-4798-9DB0-93AD0CE41B95}.Release|Mixed Platforms.ActiveCfg = Release|Any CPU
		{9AEE13D0-3AC5-4798-9DB0-93AD0CE41B95}.Release|Mixed Platforms.Build.0 = Release|Any CPU
		{9AEE13D0-3AC5-4798-9DB0-93AD0CE41B95}.Release|x86.ActiveCfg = Release|Any CPU
		{F1B29C98-E39C-423D-A6D5-A4FFBFE0A2A7}.Debug|Any CPU.ActiveCfg = Debug|Any CPU
		{F1B29C98-E39C-423D-A6D5-A4FFBFE0A2A7}.Debug|Any CPU.Build.0 = Debug|Any CPU
		{F1B29C98-E39C-423D-A6D5-A4FFBFE0A2A7}.Debug|Mixed Platforms.ActiveCfg = Debug|Any CPU
		{F1B29C98-E39C-423D-A6D5-A4FFBFE0A2A7}.Debug|Mixed Platforms.Build.0 = Debug|Any CPU
		{F1B29C98-E39C-423D-A6D5-A4FFBFE0A2A7}.Debug|x86.ActiveCfg = Debug|Any CPU
		{F1B29C98-E39C-423D-A6D5-A4FFBFE0A2A7}.Release|Any CPU.ActiveCfg = Release|Any CPU
		{F1B29C98-E39C-423D-A6D5-A4FFBFE0A2A7}.Release|Any CPU.Build.0 = Release|Any CPU
		{F1B29C98-E39C-423D-A6D5-A4FFBFE0A2A7}.Release|Mixed Platforms.ActiveCfg = Release|Any CPU
		{F1B29C98-E39C-423D-A6D5-A4FFBFE0A2A7}.Release|Mixed Platforms.Build.0 = Release|Any CPU
		{F1B29C98-E39C-423D-A6D5-A4FFBFE0A2A7}.Release|x86.ActiveCfg = Release|Any CPU
		{531710F3-998C-4BEF-A407-BDE6A89A7D12}.Debug|Any CPU.ActiveCfg = Debug|Any CPU
		{531710F3-998C-4BEF-A407-BDE6A89A7D12}.Debug|Any CPU.Build.0 = Debug|Any CPU
		{531710F3-998C-4BEF-A407-BDE6A89A7D12}.Debug|Mixed Platforms.ActiveCfg = Debug|Any CPU
		{531710F3-998C-4BEF-A407-BDE6A89A7D12}.Debug|Mixed Platforms.Build.0 = Debug|Any CPU
		{531710F3-998C-4BEF-A407-BDE6A89A7D12}.Debug|x86.ActiveCfg = Debug|Any CPU
		{531710F3-998C-4BEF-A407-BDE6A89A7D12}.Release|Any CPU.ActiveCfg = Release|Any CPU
		{531710F3-998C-4BEF-A407-BDE6A89A7D12}.Release|Any CPU.Build.0 = Release|Any CPU
		{531710F3-998C-4BEF-A407-BDE6A89A7D12}.Release|Mixed Platforms.ActiveCfg = Release|Any CPU
		{531710F3-998C-4BEF-A407-BDE6A89A7D12}.Release|Mixed Platforms.Build.0 = Release|Any CPU
		{531710F3-998C-4BEF-A407-BDE6A89A7D12}.Release|x86.ActiveCfg = Release|Any CPU
		{BF7C310A-EFCE-4AF1-8AC0-311E47720DCC}.Debug|Any CPU.ActiveCfg = Debug|Any CPU
		{BF7C310A-EFCE-4AF1-8AC0-311E47720DCC}.Debug|Any CPU.Build.0 = Debug|Any CPU
		{BF7C310A-EFCE-4AF1-8AC0-311E47720DCC}.Debug|Mixed Platforms.ActiveCfg = Debug|Any CPU
		{BF7C310A-EFCE-4AF1-8AC0-311E47720DCC}.Debug|Mixed Platforms.Build.0 = Debug|Any CPU
		{BF7C310A-EFCE-4AF1-8AC0-311E47720DCC}.Debug|x86.ActiveCfg = Debug|Any CPU
		{BF7C310A-EFCE-4AF1-8AC0-311E47720DCC}.Release|Any CPU.ActiveCfg = Release|Any CPU
		{BF7C310A-EFCE-4AF1-8AC0-311E47720DCC}.Release|Any CPU.Build.0 = Release|Any CPU
		{BF7C310A-EFCE-4AF1-8AC0-311E47720DCC}.Release|Mixed Platforms.ActiveCfg = Release|Any CPU
		{BF7C310A-EFCE-4AF1-8AC0-311E47720DCC}.Release|Mixed Platforms.Build.0 = Release|Any CPU
		{BF7C310A-EFCE-4AF1-8AC0-311E47720DCC}.Release|x86.ActiveCfg = Release|Any CPU
		{E6180888-151B-4E7F-8C97-0210BDD1052E}.Debug|Any CPU.ActiveCfg = Debug|Any CPU
		{E6180888-151B-4E7F-8C97-0210BDD1052E}.Debug|Any CPU.Build.0 = Debug|Any CPU
		{E6180888-151B-4E7F-8C97-0210BDD1052E}.Debug|Mixed Platforms.ActiveCfg = Debug|Any CPU
		{E6180888-151B-4E7F-8C97-0210BDD1052E}.Debug|Mixed Platforms.Build.0 = Debug|Any CPU
		{E6180888-151B-4E7F-8C97-0210BDD1052E}.Debug|x86.ActiveCfg = Debug|Any CPU
		{E6180888-151B-4E7F-8C97-0210BDD1052E}.Release|Any CPU.ActiveCfg = Release|Any CPU
		{E6180888-151B-4E7F-8C97-0210BDD1052E}.Release|Any CPU.Build.0 = Release|Any CPU
		{E6180888-151B-4E7F-8C97-0210BDD1052E}.Release|Mixed Platforms.ActiveCfg = Release|Any CPU
		{E6180888-151B-4E7F-8C97-0210BDD1052E}.Release|Mixed Platforms.Build.0 = Release|Any CPU
		{E6180888-151B-4E7F-8C97-0210BDD1052E}.Release|x86.ActiveCfg = Release|Any CPU
		{3960C28C-2998-429D-A3C5-EEEABA7BE1D8}.Debug|Any CPU.ActiveCfg = Debug|Any CPU
		{3960C28C-2998-429D-A3C5-EEEABA7BE1D8}.Debug|Any CPU.Build.0 = Debug|Any CPU
		{3960C28C-2998-429D-A3C5-EEEABA7BE1D8}.Debug|Mixed Platforms.ActiveCfg = Debug|Any CPU
		{3960C28C-2998-429D-A3C5-EEEABA7BE1D8}.Debug|Mixed Platforms.Build.0 = Debug|Any CPU
		{3960C28C-2998-429D-A3C5-EEEABA7BE1D8}.Debug|x86.ActiveCfg = Debug|Any CPU
		{3960C28C-2998-429D-A3C5-EEEABA7BE1D8}.Release|Any CPU.ActiveCfg = Release|Any CPU
		{3960C28C-2998-429D-A3C5-EEEABA7BE1D8}.Release|Any CPU.Build.0 = Release|Any CPU
		{3960C28C-2998-429D-A3C5-EEEABA7BE1D8}.Release|Mixed Platforms.ActiveCfg = Release|Any CPU
		{3960C28C-2998-429D-A3C5-EEEABA7BE1D8}.Release|Mixed Platforms.Build.0 = Release|Any CPU
		{3960C28C-2998-429D-A3C5-EEEABA7BE1D8}.Release|x86.ActiveCfg = Release|Any CPU
		{9CCEEF29-6782-4384-9984-1BA3A79A7712}.Debug|Any CPU.ActiveCfg = Debug|x86
		{9CCEEF29-6782-4384-9984-1BA3A79A7712}.Debug|Mixed Platforms.ActiveCfg = Debug|x86
		{9CCEEF29-6782-4384-9984-1BA3A79A7712}.Debug|Mixed Platforms.Build.0 = Debug|x86
		{9CCEEF29-6782-4384-9984-1BA3A79A7712}.Debug|x86.ActiveCfg = Debug|x86
		{9CCEEF29-6782-4384-9984-1BA3A79A7712}.Debug|x86.Build.0 = Debug|x86
		{9CCEEF29-6782-4384-9984-1BA3A79A7712}.Release|Any CPU.ActiveCfg = Release|x86
		{9CCEEF29-6782-4384-9984-1BA3A79A7712}.Release|Mixed Platforms.ActiveCfg = Release|x86
		{9CCEEF29-6782-4384-9984-1BA3A79A7712}.Release|Mixed Platforms.Build.0 = Release|x86
		{9CCEEF29-6782-4384-9984-1BA3A79A7712}.Release|x86.ActiveCfg = Release|x86
		{9CCEEF29-6782-4384-9984-1BA3A79A7712}.Release|x86.Build.0 = Release|x86
	EndGlobalSection
	GlobalSection(SolutionProperties) = preSolution
		HideSolutionNode = FALSE
	EndGlobalSection
EndGlobal
